{
  "name": "ohos",
  "lockfileVersion": 3,
  "requires": true,
  "packages": {
    "": {
      "dependencies": {
        "flutter-hvigor-plugin": "file:C:\\Users\\xue13\\fvm\\versions\\flutter_flutter\\packages\\flutter_tools\\hvigor"
      }
    },
    "C:/Users/xue13/fvm/versions/flutter_flutter/packages/flutter_tools/hvigor": {
      "name": "flutter-hvigor-plugin",
      "version": "1.0.0",
      "license": "ISC",
      "devDependencies": {
        "@ohos/hvigor": "5.2.2"
      }
    },
    "node_modules/flutter-hvigor-plugin": {
      "resolved": "C:/Users/xue13/fvm/versions/flutter_flutter/packages/flutter_tools/hvigor",
      "link": true
    }
  }
}
